
Microsoft Visual Studio Solution File, Format Version 11.00
# Visual Studio 2010
Project("{FAE04EC0-301F-11D3-BF4B-00C04F79EFBC}") = "GmailContacts", "GmailContacts\GmailContacts.csproj", "{DD71F5C4-2E4E-4101-87D7-EB8766B010FB}"
EndProject
Project("{FAE04EC0-301F-11D3-BF4B-00C04F79EFBC}") = "PDP-RBAC1", "PDP-RBAC1\PDP-RBAC1.csproj", "{40FE4183-4B20-4226-B635-5860B0329095}"
EndProject
Project("{FAE04EC0-301F-11D3-BF4B-00C04F79EFBC}") = "PDP_TestApp", "PDP_TestApp\PDP_TestApp.csproj", "{68FFE6D7-8CBD-410C-B094-BA07C076D1D2}"
EndProject
Global
	GlobalSection(SolutionConfigurationPlatforms) = preSolution
		Debug|Any CPU = Debug|Any CPU
		Debug|Mixed Platforms = Debug|Mixed Platforms
		Debug|x86 = Debug|x86
		Release|Any CPU = Release|Any CPU
		Release|Mixed Platforms = Release|Mixed Platforms
		Release|x86 = Release|x86
	EndGlobalSection
	GlobalSection(ProjectConfigurationPlatforms) = postSolution
		{DD71F5C4-2E4E-4101-87D7-EB8766B010FB}.Debug|Any CPU.ActiveCfg = Debug|Any CPU
		{DD71F5C4-2E4E-4101-87D7-EB8766B010FB}.Debug|Any CPU.Build.0 = Debug|Any CPU
		{DD71F5C4-2E4E-4101-87D7-EB8766B010FB}.Debug|Mixed Platforms.ActiveCfg = Debug|Any CPU
		{DD71F5C4-2E4E-4101-87D7-EB8766B010FB}.Debug|Mixed Platforms.Build.0 = Debug|Any CPU
		{DD71F5C4-2E4E-4101-87D7-EB8766B010FB}.Debug|x86.ActiveCfg = Debug|Any CPU
		{DD71F5C4-2E4E-4101-87D7-EB8766B010FB}.Release|Any CPU.ActiveCfg = Release|Any CPU
		{DD71F5C4-2E4E-4101-87D7-EB8766B010FB}.Release|Any CPU.Build.0 = Release|Any CPU
		{DD71F5C4-2E4E-4101-87D7-EB8766B010FB}.Release|Mixed Platforms.ActiveCfg = Release|Any CPU
		{DD71F5C4-2E4E-4101-87D7-EB8766B010FB}.Release|Mixed Platforms.Build.0 = Release|Any CPU
		{DD71F5C4-2E4E-4101-87D7-EB8766B010FB}.Release|x86.ActiveCfg = Release|Any CPU
		{40FE4183-4B20-4226-B635-5860B0329095}.Debug|Any CPU.ActiveCfg = Debug|Any CPU
		{40FE4183-4B20-4226-B635-5860B0329095}.Debug|Any CPU.Build.0 = Debug|Any CPU
		{40FE4183-4B20-4226-B635-5860B0329095}.Debug|Mixed Platforms.ActiveCfg = Debug|Any CPU
		{40FE4183-4B20-4226-B635-5860B0329095}.Debug|Mixed Platforms.Build.0 = Debug|Any CPU
		{40FE4183-4B20-4226-B635-5860B0329095}.Debug|x86.ActiveCfg = Debug|Any CPU
		{40FE4183-4B20-4226-B635-5860B0329095}.Release|Any CPU.ActiveCfg = Release|Any CPU
		{40FE4183-4B20-4226-B635-5860B0329095}.Release|Any CPU.Build.0 = Release|Any CPU
		{40FE4183-4B20-4226-B635-5860B0329095}.Release|Mixed Platforms.ActiveCfg = Release|Any CPU
		{40FE4183-4B20-4226-B635-5860B0329095}.Release|Mixed Platforms.Build.0 = Release|Any CPU
		{40FE4183-4B20-4226-B635-5860B0329095}.Release|x86.ActiveCfg = Release|Any CPU
		{68FFE6D7-8CBD-410C-B094-BA07C076D1D2}.Debug|Any CPU.ActiveCfg = Debug|x86
		{68FFE6D7-8CBD-410C-B094-BA07C076D1D2}.Debug|Mixed Platforms.ActiveCfg = Debug|x86
		{68FFE6D7-8CBD-410C-B094-BA07C076D1D2}.Debug|Mixed Platforms.Build.0 = Debug|x86
		{68FFE6D7-8CBD-410C-B094-BA07C076D1D2}.Debug|x86.ActiveCfg = Debug|x86
		{68FFE6D7-8CBD-410C-B094-BA07C076D1D2}.Debug|x86.Build.0 = Debug|x86
		{68FFE6D7-8CBD-410C-B094-BA07C076D1D2}.Release|Any CPU.ActiveCfg = Release|x86
		{68FFE6D7-8CBD-410C-B094-BA07C076D1D2}.Release|Mixed Platforms.ActiveCfg = Release|x86
		{68FFE6D7-8CBD-410C-B094-BA07C076D1D2}.Release|Mixed Platforms.Build.0 = Release|x86
		{68FFE6D7-8CBD-410C-B094-BA07C076D1D2}.Release|x86.ActiveCfg = Release|x86
		{68FFE6D7-8CBD-410C-B094-BA07C076D1D2}.Release|x86.Build.0 = Release|x86
	EndGlobalSection
	GlobalSection(SolutionProperties) = preSolution
		HideSolutionNode = FALSE
	EndGlobalSection
EndGlobal
